
Microsoft Visual Studio Solution File, Format Version 12.00
# Visual Studio 15
VisualStudioVersion = 15.0.27703.2026
MinimumVisualStudioVersion = 10.0.40219.1
Project("{FAE04EC0-301F-11D3-BF4B-00C04F79EFBC}") = "BadiCore", "BadiCore\BadiCore.csproj", "{77393025-90CE-4F89-B272-833CA897FBC4}"
EndProject
Project("{FAE04EC0-301F-11D3-BF4B-00C04F79EFBC}") = "Tests", "Tests\Tests.csproj", "{0B261289-CA05-4904-A98F-83085F26D421}"
EndProject
Global
	GlobalSection(SolutionConfigurationPlatforms) = preSolution
		Debug|Any CPU = Debug|Any CPU
		Release|Any CPU = Release|Any CPU
	EndGlobalSection
	GlobalSection(ProjectConfigurationPlatforms) = postSolution
		{77393025-90CE-4F89-B272-833CA897FBC4}.Debug|Any CPU.ActiveCfg = Debug|Any CPU
		{77393025-90CE-4F89-B272-833CA897FBC4}.Debug|Any CPU.Build.0 = Debug|Any CPU
		{77393025-90CE-4F89-B272-833CA897FBC4}.Release|Any CPU.ActiveCfg = Release|Any CPU
		{77393025-90CE-4F89-B272-833CA897FBC4}.Release|Any CPU.Build.0 = Release|Any CPU
		{0B261289-CA05-4904-A98F-83085F26D421}.Debug|Any CPU.ActiveCfg = Debug|Any CPU
		{0B261289-CA05-4904-A98F-83085F26D421}.Debug|Any CPU.Build.0 = Debug|Any CPU
		{0B261289-CA05-4904-A98F-83085F26D421}.Release|Any CPU.ActiveCfg = Release|Any CPU
		{0B261289-CA05-4904-A98F-83085F26D421}.Release|Any CPU.Build.0 = Release|Any CPU
	EndGlobalSection
	GlobalSection(SolutionProperties) = preSolution
		HideSolutionNode = FALSE
	EndGlobalSection
	GlobalSection(ExtensibilityGlobals) = postSolution
		SolutionGuid = {928F71D2-0EBD-4738-8620-B03757D493B4}
	EndGlobalSection
EndGlobal
